# This file is autogenerated, do not edit; changes may be undone by the next 'dep ensure'.


[[projects]]
  name = "github.com/ArkEcosystem/go-client"
  packages = ["client/two"]
  revision = "9ddf924c3adb803b26747771de24f0e73c2e1ea9"
  version = "0.1.0"

[[projects]]
  name = "github.com/ArkEcosystem/go-crypto"
  packages = [
    "crypto",
    "crypto/base58"
  ]
  revision = "031ea8f59579c4ec6a6893a6bcea2a98c0aa1ad0"
  version = "0.2.2"

[[projects]]
  branch = "master"
  name = "github.com/btcsuite/btcd"
  packages = ["btcec"]
  revision = "67e573d211ace594f1366b4ce9d39726c4b19bd0"

[[projects]]
  name = "github.com/davecgh/go-spew"
  packages = ["spew"]
  revision = "8991bc29aa16c548c550c7ff78260e27b9ab7c73"
  version = "v1.1.1"

[[projects]]
  name = "github.com/fatih/structs"
  packages = ["."]
  revision = "4966fc68f5b7593aafa6cbbba2d65ec6e1416047"
  version = "v1.1.0"

[[projects]]
  name = "github.com/google/go-querystring"
  packages = ["query"]
  revision = "44c6ddd0a2342c386950e880b658017258da92fc"
  version = "v1.0.0"

[[projects]]
  name = "github.com/pkg/errors"
  packages = ["."]
  revision = "645ef00459ed84a119197bfb8d8205042c6df63d"
  version = "v0.8.0"

[[projects]]
  name = "github.com/pmezard/go-difflib"
  packages = ["difflib"]
  revision = "792786c7400a136282c1664665ae0a8db921c6c2"
  version = "v1.0.0"

[[projects]]
  name = "github.com/stretchr/testify"
  packages = ["assert"]
  revision = "f35b8ab0b5a2cef36673838d662e249dd9c94686"
  version = "v1.2.2"

[[projects]]
  branch = "master"
  name = "golang.org/x/crypto"
  packages = ["ripemd160"]
  revision = "3d3f9f413869b949e48070b5bc593aa22cc2b8f2"

[solve-meta]
  analyzer-name = "dep"
  analyzer-version = 1
  inputs-digest = "9a5fcfe197d23edd7413235f867a9f7613a5f5295e7aa9e5bdc5c27cb8e39003"
  solver-name = "gps-cdcl"
  solver-version = 1
