# This file is autogenerated, do not edit; changes may be undone by the next 'dep ensure'.


[[projects]]
  name = "github.com/ArkEcosystem/go-client"
  packages = ["client/two"]
  revision = "9ddf924c3adb803b26747771de24f0e73c2e1ea9"
  version = "0.1.0"

[[projects]]
  name = "github.com/ArkEcosystem/go-crypto"
  packages = [
    "crypto",
    "crypto/base58"
  ]
  revision = "031ea8f59579c4ec6a6893a6bcea2a98c0aa1ad0"
  version = "0.2.2"

[[projects]]
  branch = "master"
  name = "github.com/btcsuite/btcd"
  packages = ["btcec"]
  revision = "67e573d211ace594f1366b4ce9d39726c4b19bd0"

[[projects]]
  name = "github.com/fatih/structs"
  packages = ["."]
  revision = "4966fc68f5b7593aafa6cbbba2d65ec6e1416047"
  version = "v1.1.0"

[[projects]]
  name = "github.com/google/go-querystring"
  packages = ["query"]
  revision = "44c6ddd0a2342c386950e880b658017258da92fc"
  version = "v1.0.0"

[[projects]]
  name = "github.com/pkg/errors"
  packages = ["."]
  revision = "645ef00459ed84a119197bfb8d8205042c6df63d"
  version = "v0.8.0"

[[projects]]
  branch = "master"
  name = "golang.org/x/crypto"
  packages = ["ripemd160"]
  revision = "e4dc69e5b2fd71dcaf8bd5d054eb936deb78d1fa"

[solve-meta]
  analyzer-name = "dep"
  analyzer-version = 1
  inputs-digest = "b5c60c3d96f35146f5732d8e6ea9084b5179ba7ceed3f0f0609af6479f4cded1"
  solver-name = "gps-cdcl"
  solver-version = 1
